// !$*UTF8*$!
{
	archiveVersion = 1;
	classes = {
	};
	objectVersion = 50;
	objects = {

/* Begin PBXBuildFile section */
		48ADBF2824B63CC50007FC4C /* AppDelegate.swift in Sources */ = {isa = PBXBuildFile; fileRef = 48ADBF2724B63CC50007FC4C /* AppDelegate.swift */; };
		48ADBF2A24B63CC50007FC4C /* SceneDelegate.swift in Sources */ = {isa = PBXBuildFile; fileRef = 48ADBF2924B63CC50007FC4C /* SceneDelegate.swift */; };
		48ADBF2C24B63CC50007FC4C /* ViewController.swift in Sources */ = {isa = PBXBuildFile; fileRef = 48ADBF2B24B63CC50007FC4C /* ViewController.swift */; };
		48ADBF2F24B63CC50007FC4C /* Main.storyboard in Resources */ = {isa = PBXBuildFile; fileRef = 48ADBF2D24B63CC50007FC4C /* Main.storyboard */; };
		48ADBF3224B63CC50007FC4C /* To_Do_Please.xcdatamodeld in Sources */ = {isa = PBXBuildFile; fileRef = 48ADBF3024B63CC50007FC4C /* To_Do_Please.xcdatamodeld */; };
		48ADBF3424B63CC60007FC4C /* Assets.xcassets in Resources */ = {isa = PBXBuildFile; fileRef = 48ADBF3324B63CC60007FC4C /* Assets.xcassets */; };
		48ADBF3724B63CC60007FC4C /* LaunchScreen.storyboard in Resources */ = {isa = PBXBuildFile; fileRef = 48ADBF3524B63CC60007FC4C /* LaunchScreen.storyboard */; };
		48ADBF4224B63CC60007FC4C /* To_Do_PleaseTests.swift in Sources */ = {isa = PBXBuildFile; fileRef = 48ADBF4124B63CC60007FC4C /* To_Do_PleaseTests.swift */; };
		48ADBF4D24B63CC70007FC4C /* To_Do_PleaseUITests.swift in Sources */ = {isa = PBXBuildFile; fileRef = 48ADBF4C24B63CC70007FC4C /* To_Do_PleaseUITests.swift */; };
/* End PBXBuildFile section */

/* Begin PBXContainerItemProxy section */
		48ADBF3E24B63CC60007FC4C /* PBXContainerItemProxy */ = {
			isa = PBXContainerItemProxy;
			containerPortal = 48ADBF1C24B63CC50007FC4C /* Project object */;
			proxyType = 1;
			remoteGlobalIDString = 48ADBF2324B63CC50007FC4C;
			remoteInfo = "To-Do Please";
		};
		48ADBF4924B63CC70007FC4C /* PBXContainerItemProxy */ = {
			isa = PBXContainerItemProxy;
			containerPortal = 48ADBF1C24B63CC50007FC4C /* Project object */;
			proxyType = 1;
			remoteGlobalIDString = 48ADBF2324B63CC50007FC4C;
			remoteInfo = "To-Do Please";
		};
/* End PBXContainerItemProxy section */

/* Begin PBXFileReference section */
		48ADBF2424B63CC50007FC4C /* To-Do Please.app */ = {isa = PBXFileReference; explicitFileType = wrapper.application; includeInIndex = 0; path = "To-Do Please.app"; sourceTree = BUILT_PRODUCTS_DIR; };
		48ADBF2724B63CC50007FC4C /* AppDelegate.swift */ = {isa = PBXFileReference; lastKnownFileType = sourcecode.swift; path = AppDelegate.swift; sourceTree = "<group>"; };
		48ADBF2924B63CC50007FC4C /* SceneDelegate.swift */ = {isa = PBXFileReference; lastKnownFileType = sourcecode.swift; path = SceneDelegate.swift; sourceTree = "<group>"; };
		48ADBF2B24B63CC50007FC4C /* ViewController.swift */ = {isa = PBXFileReference; lastKnownFileType = sourcecode.swift; path = ViewController.swift; sourceTree = "<group>"; };
		48ADBF2E24B63CC50007FC4C /* Base */ = {isa = PBXFileReference; lastKnownFileType = file.storyboard; name = Base; path = Base.lproj/Main.storyboard; sourceTree = "<group>"; };
		48ADBF3124B63CC50007FC4C /* To_Do_Please.xcdatamodel */ = {isa = PBXFileReference; lastKnownFileType = wrapper.xcdatamodel; path = To_Do_Please.xcdatamodel; sourceTree = "<group>"; };
		48ADBF3324B63CC60007FC4C /* Assets.xcassets */ = {isa = PBXFileReference; lastKnownFileType = folder.assetcatalog; path = Assets.xcassets; sourceTree = "<group>"; };
		48ADBF3624B63CC60007FC4C /* Base */ = {isa = PBXFileReference; lastKnownFileType = file.storyboard; name = Base; path = Base.lproj/LaunchScreen.storyboard; sourceTree = "<group>"; };
		48ADBF3824B63CC60007FC4C /* Info.plist */ = {isa = PBXFileReference; lastKnownFileType = text.plist.xml; path = Info.plist; sourceTree = "<group>"; };
		48ADBF3D24B63CC60007FC4C /* To-Do PleaseTests.xctest */ = {isa = PBXFileReference; explicitFileType = wrapper.cfbundle; includeInIndex = 0; path = "To-Do PleaseTests.xctest"; sourceTree = BUILT_PRODUCTS_DIR; };
		48ADBF4124B63CC60007FC4C /* To_Do_PleaseTests.swift */ = {isa = PBXFileReference; lastKnownFileType = sourcecode.swift; path = To_Do_PleaseTests.swift; sourceTree = "<group>"; };
		48ADBF4324B63CC60007FC4C /* Info.plist */ = {isa = PBXFileReference; lastKnownFileType = text.plist.xml; path = Info.plist; sourceTree = "<group>"; };
		48ADBF4824B63CC70007FC4C /* To-Do PleaseUITests.xctest */ = {isa = PBXFileReference; explicitFileType = wrapper.cfbundle; includeInIndex = 0; path = "To-Do PleaseUITests.xctest"; sourceTree = BUILT_PRODUCTS_DIR; };
		48ADBF4C24B63CC70007FC4C /* To_Do_PleaseUITests.swift */ = {isa = PBXFileReference; lastKnownFileType = sourcecode.swift; path = To_Do_PleaseUITests.swift; sourceTree = "<group>"; };
		48ADBF4E24B63CC70007FC4C /* Info.plist */ = {isa = PBXFileReference; lastKnownFileType = text.plist.xml; path = Info.plist; sourceTree = "<group>"; };
/* End PBXFileReference section */

/* Begin PBXFrameworksBuildPhase section */
		48ADBF2124B63CC50007FC4C /* Frameworks */ = {
			isa = PBXFrameworksBuildPhase;
			buildActionMask = 2147483647;
			files = (
			);
			runOnlyForDeploymentPostprocessing = 0;
		};
		48ADBF3A24B63CC60007FC4C /* Frameworks */ = {
			isa = PBXFrameworksBuildPhase;
			buildActionMask = 2147483647;
			files = (
			);
			runOnlyForDeploymentPostprocessing = 0;
		};
		48ADBF4524B63CC70007FC4C /* Frameworks */ = {
			isa = PBXFrameworksBuildPhase;
			buildActionMask = 2147483647;
			files = (
			);
			runOnlyForDeploymentPostprocessing = 0;
		};
/* End PBXFrameworksBuildPhase section */

/* Begin PBXGroup section */
		48ADBF1B24B63CC50007FC4C = {
			isa = PBXGroup;
			children = (
				48ADBF2624B63CC50007FC4C /* To-Do Please */,
				48ADBF4024B63CC60007FC4C /* To-Do PleaseTests */,
				48ADBF4B24B63CC70007FC4C /* To-Do PleaseUITests */,
				48ADBF2524B63CC50007FC4C /* Products */,
			);
			sourceTree = "<group>";
		};
		48ADBF2524B63CC50007FC4C /* Products */ = {
			isa = PBXGroup;
			children = (
				48ADBF2424B63CC50007FC4C /* To-Do Please.app */,
				48ADBF3D24B63CC60007FC4C /* To-Do PleaseTests.xctest */,
				48ADBF4824B63CC70007FC4C /* To-Do PleaseUITests.xctest */,
			);
			name = Products;
			sourceTree = "<group>";
		};
		48ADBF2624B63CC50007FC4C /* To-Do Please */ = {
			isa = PBXGroup;
			children = (
				48ADBF2724B63CC50007FC4C /* AppDelegate.swift */,
				48ADBF2924B63CC50007FC4C /* SceneDelegate.swift */,
				48ADBF2B24B63CC50007FC4C /* ViewController.swift */,
				48ADBF2D24B63CC50007FC4C /* Main.storyboard */,
				48ADBF3324B63CC60007FC4C /* Assets.xcassets */,
				48ADBF3524B63CC60007FC4C /* LaunchScreen.storyboard */,
				48ADBF3824B63CC60007FC4C /* Info.plist */,
				48ADBF3024B63CC50007FC4C /* To_Do_Please.xcdatamodeld */,
			);
			path = "To-Do Please";
			sourceTree = "<group>";
		};
		48ADBF4024B63CC60007FC4C /* To-Do PleaseTests */ = {
			isa = PBXGroup;
			children = (
				48ADBF4124B63CC60007FC4C /* To_Do_PleaseTests.swift */,
				48ADBF4324B63CC60007FC4C /* Info.plist */,
			);
			path = "To-Do PleaseTests";
			sourceTree = "<group>";
		};
		48ADBF4B24B63CC70007FC4C /* To-Do PleaseUITests */ = {
			isa = PBXGroup;
			children = (
				48ADBF4C24B63CC70007FC4C /* To_Do_PleaseUITests.swift */,
				48ADBF4E24B63CC70007FC4C /* Info.plist */,
			);
			path = "To-Do PleaseUITests";
			sourceTree = "<group>";
		};
/* End PBXGroup section */

/* Begin PBXNativeTarget section */
		48ADBF2324B63CC50007FC4C /* To-Do Please */ = {
			isa = PBXNativeTarget;
			buildConfigurationList = 48ADBF5124B63CC70007FC4C /* Build configuration list for PBXNativeTarget "To-Do Please" */;
			buildPhases = (
				48ADBF2024B63CC50007FC4C /* Sources */,
				48ADBF2124B63CC50007FC4C /* Frameworks */,
				48ADBF2224B63CC50007FC4C /* Resources */,
			);
			buildRules = (
			);
			dependencies = (
			);
			name = "To-Do Please";
			productName = "To-Do Please";
			productReference = 48ADBF2424B63CC50007FC4C /* To-Do Please.app */;
			productType = "com.apple.product-type.application";
		};
		48ADBF3C24B63CC60007FC4C /* To-Do PleaseTests */ = {
			isa = PBXNativeTarget;
			buildConfigurationList = 48ADBF5424B63CC70007FC4C /* Build configuration list for PBXNativeTarget "To-Do PleaseTests" */;
			buildPhases = (
				48ADBF3924B63CC60007FC4C /* Sources */,
				48ADBF3A24B63CC60007FC4C /* Frameworks */,
				48ADBF3B24B63CC60007FC4C /* Resources */,
			);
			buildRules = (
			);
			dependencies = (
				48ADBF3F24B63CC60007FC4C /* PBXTargetDependency */,
			);
			name = "To-Do PleaseTests";
			productName = "To-Do PleaseTests";
			productReference = 48ADBF3D24B63CC60007FC4C /* To-Do PleaseTests.xctest */;
			productType = "com.apple.product-type.bundle.unit-test";
		};
		48ADBF4724B63CC70007FC4C /* To-Do PleaseUITests */ = {
			isa = PBXNativeTarget;
			buildConfigurationList = 48ADBF5724B63CC70007FC4C /* Build configuration list for PBXNativeTarget "To-Do PleaseUITests" */;
			buildPhases = (
				48ADBF4424B63CC70007FC4C /* Sources */,
				48ADBF4524B63CC70007FC4C /* Frameworks */,
				48ADBF4624B63CC70007FC4C /* Resources */,
			);
			buildRules = (
			);
			dependencies = (
				48ADBF4A24B63CC70007FC4C /* PBXTargetDependency */,
			);
			name = "To-Do PleaseUITests";
			productName = "To-Do PleaseUITests";
			productReference = 48ADBF4824B63CC70007FC4C /* To-Do PleaseUITests.xctest */;
			productType = "com.apple.product-type.bundle.ui-testing";
		};
/* End PBXNativeTarget section */

/* Begin PBXProject section */
		48ADBF1C24B63CC50007FC4C /* Project object */ = {
			isa = PBXProject;
			attributes = {
				LastSwiftUpdateCheck = 1150;
				LastUpgradeCheck = 1150;
				ORGANIZATIONNAME = "Aditya Vikram Godawat";
				TargetAttributes = {
					48ADBF2324B63CC50007FC4C = {
						CreatedOnToolsVersion = 11.5;
					};
					48ADBF3C24B63CC60007FC4C = {
						CreatedOnToolsVersion = 11.5;
						TestTargetID = 48ADBF2324B63CC50007FC4C;
					};
					48ADBF4724B63CC70007FC4C = {
						CreatedOnToolsVersion = 11.5;
						TestTargetID = 48ADBF2324B63CC50007FC4C;
					};
				};
			};
			buildConfigurationList = 48ADBF1F24B63CC50007FC4C /* Build configuration list for PBXProject "To-Do Please" */;
			compatibilityVersion = "Xcode 9.3";
			developmentRegion = en;
			hasScannedForEncodings = 0;
			knownRegions = (
				en,
				Base,
			);
			mainGroup = 48ADBF1B24B63CC50007FC4C;
			productRefGroup = 48ADBF2524B63CC50007FC4C /* Products */;
			projectDirPath = "";
			projectRoot = "";
			targets = (
				48ADBF2324B63CC50007FC4C /* To-Do Please */,
				48ADBF3C24B63CC60007FC4C /* To-Do PleaseTests */,
				48ADBF4724B63CC70007FC4C /* To-Do PleaseUITests */,
			);
		};
/* End PBXProject section */

/* Begin PBXResourcesBuildPhase section */
		48ADBF2224B63CC50007FC4C /* Resources */ = {
			isa = PBXResourcesBuildPhase;
			buildActionMask = 2147483647;
			files = (
				48ADBF3724B63CC60007FC4C /* LaunchScreen.storyboard in Resources */,
				48ADBF3424B63CC60007FC4C /* Assets.xcassets in Resources */,
				48ADBF2F24B63CC50007FC4C /* Main.storyboard in Resources */,
			);
			runOnlyForDeploymentPostprocessing = 0;
		};
		48ADBF3B24B63CC60007FC4C /* Resources */ = {
			isa = PBXResourcesBuildPhase;
			buildActionMask = 2147483647;
			files = (
			);
			runOnlyForDeploymentPostprocessing = 0;
		};
		48ADBF4624B63CC70007FC4C /* Resources */ = {
			isa = PBXResourcesBuildPhase;
			buildActionMask = 2147483647;
			files = (
			);
			runOnlyForDeploymentPostprocessing = 0;
		};
/* End PBXResourcesBuildPhase section */

/* Begin PBXSourcesBuildPhase section */
		48ADBF2024B63CC50007FC4C /* Sources */ = {
			isa = PBXSourcesBuildPhase;
			buildActionMask = 2147483647;
			files = (
				48ADBF2C24B63CC50007FC4C /* ViewController.swift in Sources */,
				48ADBF2824B63CC50007FC4C /* AppDelegate.swift in Sources */,
				48ADBF2A24B63CC50007FC4C /* SceneDelegate.swift in Sources */,
				48ADBF3224B63CC50007FC4C /* To_Do_Please.xcdatamodeld in Sources */,
			);
			runOnlyForDeploymentPostprocessing = 0;
		};
		48ADBF3924B63CC60007FC4C /* Sources */ = {
			isa = PBXSourcesBuildPhase;
			buildActionMask = 2147483647;
			files = (
				48ADBF4224B63CC60007FC4C /* To_Do_PleaseTests.swift in Sources */,
			);
			runOnlyForDeploymentPostprocessing = 0;
		};
		48ADBF4424B63CC70007FC4C /* Sources */ = {
			isa = PBXSourcesBuildPhase;
			buildActionMask = 2147483647;
			files = (
				48ADBF4D24B63CC70007FC4C /* To_Do_PleaseUITests.swift in Sources */,
			);
			runOnlyForDeploymentPostprocessing = 0;
		};
/* End PBXSourcesBuildPhase section */

/* Begin PBXTargetDependency section */
		48ADBF3F24B63CC60007FC4C /* PBXTargetDependency */ = {
			isa = PBXTargetDependency;
			target = 48ADBF2324B63CC50007FC4C /* To-Do Please */;
			targetProxy = 48ADBF3E24B63CC60007FC4C /* PBXContainerItemProxy */;
		};
		48ADBF4A24B63CC70007FC4C /* PBXTargetDependency */ = {
			isa = PBXTargetDependency;
			target = 48ADBF2324B63CC50007FC4C /* To-Do Please */;
			targetProxy = 48ADBF4924B63CC70007FC4C /* PBXContainerItemProxy */;
		};
/* End PBXTargetDependency section */

/* Begin PBXVariantGroup section */
		48ADBF2D24B63CC50007FC4C /* Main.storyboard */ = {
			isa = PBXVariantGroup;
			children = (
				48ADBF2E24B63CC50007FC4C /* Base */,
			);
			name = Main.storyboard;
			sourceTree = "<group>";
		};
		48ADBF3524B63CC60007FC4C /* LaunchScreen.storyboard */ = {
			isa = PBXVariantGroup;
			children = (
				48ADBF3624B63CC60007FC4C /* Base */,
			);
			name = LaunchScreen.storyboard;
			sourceTree = "<group>";
		};
/* End PBXVariantGroup section */

/* Begin XCBuildConfiguration section */
		48ADBF4F24B63CC70007FC4C /* Debug */ = {
			isa = XCBuildConfiguration;
			buildSettings = {
				ALWAYS_SEARCH_USER_PATHS = NO;
				CLANG_ANALYZER_NONNULL = YES;
				CLANG_ANALYZER_NUMBER_OBJECT_CONVERSION = YES_AGGRESSIVE;
				CLANG_CXX_LANGUAGE_STANDARD = "gnu++14";
				CLANG_CXX_LIBRARY = "libc++";
				CLANG_ENABLE_MODULES = YES;
				CLANG_ENABLE_OBJC_ARC = YES;
				CLANG_ENABLE_OBJC_WEAK = YES;
				CLANG_WARN_BLOCK_CAPTURE_AUTORELEASING = YES;
				CLANG_WARN_BOOL_CONVERSION = YES;
				CLANG_WARN_COMMA = YES;
				CLANG_WARN_CONSTANT_CONVERSION = YES;
				CLANG_WARN_DEPRECATED_OBJC_IMPLEMENTATIONS = YES;
				CLANG_WARN_DIRECT_OBJC_ISA_USAGE = YES_ERROR;
				CLANG_WARN_DOCUMENTATION_COMMENTS = YES;
				CLANG_WARN_EMPTY_BODY = YES;
				CLANG_WARN_ENUM_CONVERSION = YES;
				CLANG_WARN_INFINITE_RECURSION = YES;
				CLANG_WARN_INT_CONVERSION = YES;
				CLANG_WARN_NON_LITERAL_NULL_CONVERSION = YES;
				CLANG_WARN_OBJC_IMPLICIT_RETAIN_SELF = YES;
				CLANG_WARN_OBJC_LITERAL_CONVERSION = YES;
				CLANG_WARN_OBJC_ROOT_CLASS = YES_ERROR;
				CLANG_WARN_RANGE_LOOP_ANALYSIS = YES;
				CLANG_WARN_STRICT_PROTOTYPES = YES;
				CLANG_WARN_SUSPICIOUS_MOVE = YES;
				CLANG_WARN_UNGUARDED_AVAILABILITY = YES_AGGRESSIVE;
				CLANG_WARN_UNREACHABLE_CODE = YES;
				CLANG_WARN__DUPLICATE_METHOD_MATCH = YES;
				COPY_PHASE_STRIP = NO;
				DEBUG_INFORMATION_FORMAT = dwarf;
				ENABLE_STRICT_OBJC_MSGSEND = YES;
				ENABLE_TESTABILITY = YES;
				GCC_C_LANGUAGE_STANDARD = gnu11;
				GCC_DYNAMIC_NO_PIC = NO;
				GCC_NO_COMMON_BLOCKS = YES;
				GCC_OPTIMIZATION_LEVEL = 0;
				GCC_PREPROCESSOR_DEFINITIONS = (
					"DEBUG=1",
					"$(inherited)",
				);
				GCC_WARN_64_TO_32_BIT_CONVERSION = YES;
				GCC_WARN_ABOUT_RETURN_TYPE = YES_ERROR;
				GCC_WARN_UNDECLARED_SELECTOR = YES;
				GCC_WARN_UNINITIALIZED_AUTOS = YES_AGGRESSIVE;
				GCC_WARN_UNUSED_FUNCTION = YES;
				GCC_WARN_UNUSED_VARIABLE = YES;
				IPHONEOS_DEPLOYMENT_TARGET = 13.5;
				MTL_ENABLE_DEBUG_INFO = INCLUDE_SOURCE;
				MTL_FAST_MATH = YES;
				ONLY_ACTIVE_ARCH = YES;
				SDKROOT = iphoneos;
				SWIFT_ACTIVE_COMPILATION_CONDITIONS = DEBUG;
				SWIFT_OPTIMIZATION_LEVEL = "-Onone";
			};
			name = Debug;
		};
		48ADBF5024B63CC70007FC4C /* Release */ = {
			isa = XCBuildConfiguration;
			buildSettings = {
				ALWAYS_SEARCH_USER_PATHS = NO;
				CLANG_ANALYZER_NONNULL = YES;
				CLANG_ANALYZER_NUMBER_OBJECT_CONVERSION = YES_AGGRESSIVE;
				CLANG_CXX_LANGUAGE_STANDARD = "gnu++14";
				CLANG_CXX_LIBRARY = "libc++";
				CLANG_ENABLE_MODULES = YES;
				CLANG_ENABLE_OBJC_ARC = YES;
				CLANG_ENABLE_OBJC_WEAK = YES;
				CLANG_WARN_BLOCK_CAPTURE_AUTORELEASING = YES;
				CLANG_WARN_BOOL_CONVERSION = YES;
				CLANG_WARN_COMMA = YES;
				CLANG_WARN_CONSTANT_CONVERSION = YES;
				CLANG_WARN_DEPRECATED_OBJC_IMPLEMENTATIONS = YES;
				CLANG_WARN_DIRECT_OBJC_ISA_USAGE = YES_ERROR;
				CLANG_WARN_DOCUMENTATION_COMMENTS = YES;
				CLANG_WARN_EMPTY_BODY = YES;
				CLANG_WARN_ENUM_CONVERSION = YES;
				CLANG_WARN_INFINITE_RECURSION = YES;
				CLANG_WARN_INT_CONVERSION = YES;
				CLANG_WARN_NON_LITERAL_NULL_CONVERSION = YES;
				CLANG_WARN_OBJC_IMPLICIT_RETAIN_SELF = YES;
				CLANG_WARN_OBJC_LITERAL_CONVERSION = YES;
				CLANG_WARN_OBJC_ROOT_CLASS = YES_ERROR;
				CLANG_WARN_RANGE_LOOP_ANALYSIS = YES;
				CLANG_WARN_STRICT_PROTOTYPES = YES;
				CLANG_WARN_SUSPICIOUS_MOVE = YES;
				CLANG_WARN_UNGUARDED_AVAILABILITY = YES_AGGRESSIVE;
				CLANG_WARN_UNREACHABLE_CODE = YES;
				CLANG_WARN__DUPLICATE_METHOD_MATCH = YES;
				COPY_PHASE_STRIP = NO;
				DEBUG_INFORMATION_FORMAT = "dwarf-with-dsym";
				ENABLE_NS_ASSERTIONS = NO;
				ENABLE_STRICT_OBJC_MSGSEND = YES;
				GCC_C_LANGUAGE_STANDARD = gnu11;
				GCC_NO_COMMON_BLOCKS = YES;
				GCC_WARN_64_TO_32_BIT_CONVERSION = YES;
				GCC_WARN_ABOUT_RETURN_TYPE = YES_ERROR;
				GCC_WARN_UNDECLARED_SELECTOR = YES;
				GCC_WARN_UNINITIALIZED_AUTOS = YES_AGGRESSIVE;
				GCC_WARN_UNUSED_FUNCTION = YES;
				GCC_WARN_UNUSED_VARIABLE = YES;
				IPHONEOS_DEPLOYMENT_TARGET = 13.5;
				MTL_ENABLE_DEBUG_INFO = NO;
				MTL_FAST_MATH = YES;
				SDKROOT = iphoneos;
				SWIFT_COMPILATION_MODE = wholemodule;
				SWIFT_OPTIMIZATION_LEVEL = "-O";
				VALIDATE_PRODUCT = YES;
			};
			name = Release;
		};
		48ADBF5224B63CC70007FC4C /* Debug */ = {
			isa = XCBuildConfiguration;
			buildSettings = {
				ASSETCATALOG_COMPILER_APPICON_NAME = AppIcon;
				CODE_SIGN_STYLE = Automatic;
				DEVELOPMENT_TEAM = C96Y8U9RQX;
				INFOPLIST_FILE = "To-Do Please/Info.plist";
				LD_RUNPATH_SEARCH_PATHS = (
					"$(inherited)",
					"@executable_path/Frameworks",
				);
				PRODUCT_BUNDLE_IDENTIFIER = "com.niennonno.To-Do-Please";
				PRODUCT_NAME = "$(TARGET_NAME)";
				SWIFT_VERSION = 5.0;
				TARGETED_DEVICE_FAMILY = "1,2";
			};
			name = Debug;
		};
		48ADBF5324B63CC70007FC4C /* Release */ = {
			isa = XCBuildConfiguration;
			buildSettings = {
				ASSETCATALOG_COMPILER_APPICON_NAME = AppIcon;
				CODE_SIGN_STYLE = Automatic;
				DEVELOPMENT_TEAM = C96Y8U9RQX;
				INFOPLIST_FILE = "To-Do Please/Info.plist";
				LD_RUNPATH_SEARCH_PATHS = (
					"$(inherited)",
					"@executable_path/Frameworks",
				);
				PRODUCT_BUNDLE_IDENTIFIER = "com.niennonno.To-Do-Please";
				PRODUCT_NAME = "$(TARGET_NAME)";
				SWIFT_VERSION = 5.0;
				TARGETED_DEVICE_FAMILY = "1,2";
			};
			name = Release;
		};
		48ADBF5524B63CC70007FC4C /* Debug */ = {
			isa = XCBuildConfiguration;
			buildSettings = {
				ALWAYS_EMBED_SWIFT_STANDARD_LIBRARIES = YES;
				BUNDLE_LOADER = "$(TEST_HOST)";
				CODE_SIGN_STYLE = Automatic;
				DEVELOPMENT_TEAM = C96Y8U9RQX;
				INFOPLIST_FILE = "To-Do PleaseTests/Info.plist";
				IPHONEOS_DEPLOYMENT_TARGET = 13.5;
				LD_RUNPATH_SEARCH_PATHS = (
					"$(inherited)",
					"@executable_path/Frameworks",
					"@loader_path/Frameworks",
				);
				PRODUCT_BUNDLE_IDENTIFIER = "com.niennonno.To-Do-PleaseTests";
				PRODUCT_NAME = "$(TARGET_NAME)";
				SWIFT_VERSION = 5.0;
				TARGETED_DEVICE_FAMILY = "1,2";
				TEST_HOST = "$(BUILT_PRODUCTS_DIR)/To-Do Please.app/To-Do Please";
			};
			name = Debug;
		};
		48ADBF5624B63CC70007FC4C /* Release */ = {
			isa = XCBuildConfiguration;
			buildSettings = {
				ALWAYS_EMBED_SWIFT_STANDARD_LIBRARIES = YES;
				BUNDLE_LOADER = "$(TEST_HOST)";
				CODE_SIGN_STYLE = Automatic;
				DEVELOPMENT_TEAM = C96Y8U9RQX;
				INFOPLIST_FILE = "To-Do PleaseTests/Info.plist";
				IPHONEOS_DEPLOYMENT_TARGET = 13.5;
				LD_RUNPATH_SEARCH_PATHS = (
					"$(inherited)",
					"@executable_path/Frameworks",
					"@loader_path/Frameworks",
				);
				PRODUCT_BUNDLE_IDENTIFIER = "com.niennonno.To-Do-PleaseTests";
				PRODUCT_NAME = "$(TARGET_NAME)";
				SWIFT_VERSION = 5.0;
				TARGETED_DEVICE_FAMILY = "1,2";
				TEST_HOST = "$(BUILT_PRODUCTS_DIR)/To-Do Please.app/To-Do Please";
			};
			name = Release;
		};
		48ADBF5824B63CC70007FC4C /* Debug */ = {
			isa = XCBuildConfiguration;
			buildSettings = {
				ALWAYS_EMBED_SWIFT_STANDARD_LIBRARIES = YES;
				CODE_SIGN_STYLE = Automatic;
				DEVELOPMENT_TEAM = C96Y8U9RQX;
				INFOPLIST_FILE = "To-Do PleaseUITests/Info.plist";
				LD_RUNPATH_SEARCH_PATHS = (
					"$(inherited)",
					"@executable_path/Frameworks",
					"@loader_path/Frameworks",
				);
				PRODUCT_BUNDLE_IDENTIFIER = "com.niennonno.To-Do-PleaseUITests";
				PRODUCT_NAME = "$(TARGET_NAME)";
				SWIFT_VERSION = 5.0;
				TARGETED_DEVICE_FAMILY = "1,2";
				TEST_TARGET_NAME = "To-Do Please";
			};
			name = Debug;
		};
		48ADBF5924B63CC70007FC4C /* Release */ = {
			isa = XCBuildConfiguration;
			buildSettings = {
				ALWAYS_EMBED_SWIFT_STANDARD_LIBRARIES = YES;
				CODE_SIGN_STYLE = Automatic;
				DEVELOPMENT_TEAM = C96Y8U9RQX;
				INFOPLIST_FILE = "To-Do PleaseUITests/Info.plist";
				LD_RUNPATH_SEARCH_PATHS = (
					"$(inherited)",
					"@executable_path/Frameworks",
					"@loader_path/Frameworks",
				);
				PRODUCT_BUNDLE_IDENTIFIER = "com.niennonno.To-Do-PleaseUITests";
				PRODUCT_NAME = "$(TARGET_NAME)";
				SWIFT_VERSION = 5.0;
				TARGETED_DEVICE_FAMILY = "1,2";
				TEST_TARGET_NAME = "To-Do Please";
			};
			name = Release;
		};
/* End XCBuildConfiguration section */

/* Begin XCConfigurationList section */
		48ADBF1F24B63CC50007FC4C /* Build configuration list for PBXProject "To-Do Please" */ = {
			isa = XCConfigurationList;
			buildConfigurations = (
				48ADBF4F24B63CC70007FC4C /* Debug */,
				48ADBF5024B63CC70007FC4C /* Release */,
			);
			defaultConfigurationIsVisible = 0;
			defaultConfigurationName = Release;
		};
		48ADBF5124B63CC70007FC4C /* Build configuration list for PBXNativeTarget "To-Do Please" */ = {
			isa = XCConfigurationList;
			buildConfigurations = (
				48ADBF5224B63CC70007FC4C /* Debug */,
				48ADBF5324B63CC70007FC4C /* Release */,
			);
			defaultConfigurationIsVisible = 0;
			defaultConfigurationName = Release;
		};
		48ADBF5424B63CC70007FC4C /* Build configuration list for PBXNativeTarget "To-Do PleaseTests" */ = {
			isa = XCConfigurationList;
			buildConfigurations = (
				48ADBF5524B63CC70007FC4C /* Debug */,
				48ADBF5624B63CC70007FC4C /* Release */,
			);
			defaultConfigurationIsVisible = 0;
			defaultConfigurationName = Release;
		};
		48ADBF5724B63CC70007FC4C /* Build configuration list for PBXNativeTarget "To-Do PleaseUITests" */ = {
			isa = XCConfigurationList;
			buildConfigurations = (
				48ADBF5824B63CC70007FC4C /* Debug */,
				48ADBF5924B63CC70007FC4C /* Release */,
			);
			defaultConfigurationIsVisible = 0;
			defaultConfigurationName = Release;
		};
/* End XCConfigurationList section */

/* Begin XCVersionGroup section */
		48ADBF3024B63CC50007FC4C /* To_Do_Please.xcdatamodeld */ = {
			isa = XCVersionGroup;
			children = (
				48ADBF3124B63CC50007FC4C /* To_Do_Please.xcdatamodel */,
			);
			currentVersion = 48ADBF3124B63CC50007FC4C /* To_Do_Please.xcdatamodel */;
			path = To_Do_Please.xcdatamodeld;
			sourceTree = "<group>";
			versionGroupType = wrapper.xcdatamodel;
		};
/* End XCVersionGroup section */
	};
	rootObject = 48ADBF1C24B63CC50007FC4C /* Project object */;
}
